
Microsoft Visual Studio Solution File, Format Version 12.00
# Visual Studio Version 16
VisualStudioVersion = 16.0.31112.23
MinimumVisualStudioVersion = 10.0.40219.1
Project("{9A19103F-16F7-4668-BE54-9A1E7A4F7556}") = "FakerLib", "Faker\FakerLib.csproj", "{E4B6C292-97A5-40E9-92FC-AAD01AC2113E}"
EndProject
Project("{FAE04EC0-301F-11D3-BF4B-00C04F79EFBC}") = "Project", "Project\Project.csproj", "{FCDF7336-C46B-4968-912A-3990043F8FB7}"
EndProject
Project("{FAE04EC0-301F-11D3-BF4B-00C04F79EFBC}") = "UnitTest", "UnitTest\UnitTest.csproj", "{5730EE5F-3648-4820-A4EE-F45F2C588750}"
EndProject
Project("{FAE04EC0-301F-11D3-BF4B-00C04F79EFBC}") = "PluginLongGenerator", "PluginLongGenerator\PluginLongGenerator.csproj", "{965EFC1D-468E-420D-9888-DBCA94CA8F5E}"
EndProject
Project("{FAE04EC0-301F-11D3-BF4B-00C04F79EFBC}") = "PluginDateTimeGenerator", "PluginDateTimeGenerator\PluginDateTimeGenerator.csproj", "{C8A03405-1220-4212-B66A-DDF720969233}"
EndProject
Global
	GlobalSection(SolutionConfigurationPlatforms) = preSolution
		Debug|Any CPU = Debug|Any CPU
		Release|Any CPU = Release|Any CPU
	EndGlobalSection
	GlobalSection(ProjectConfigurationPlatforms) = postSolution
		{E4B6C292-97A5-40E9-92FC-AAD01AC2113E}.Debug|Any CPU.ActiveCfg = Debug|Any CPU
		{E4B6C292-97A5-40E9-92FC-AAD01AC2113E}.Debug|Any CPU.Build.0 = Debug|Any CPU
		{E4B6C292-97A5-40E9-92FC-AAD01AC2113E}.Release|Any CPU.ActiveCfg = Release|Any CPU
		{E4B6C292-97A5-40E9-92FC-AAD01AC2113E}.Release|Any CPU.Build.0 = Release|Any CPU
		{FCDF7336-C46B-4968-912A-3990043F8FB7}.Debug|Any CPU.ActiveCfg = Debug|Any CPU
		{FCDF7336-C46B-4968-912A-3990043F8FB7}.Debug|Any CPU.Build.0 = Debug|Any CPU
		{FCDF7336-C46B-4968-912A-3990043F8FB7}.Release|Any CPU.ActiveCfg = Release|Any CPU
		{FCDF7336-C46B-4968-912A-3990043F8FB7}.Release|Any CPU.Build.0 = Release|Any CPU
		{5730EE5F-3648-4820-A4EE-F45F2C588750}.Debug|Any CPU.ActiveCfg = Debug|Any CPU
		{5730EE5F-3648-4820-A4EE-F45F2C588750}.Debug|Any CPU.Build.0 = Debug|Any CPU
		{5730EE5F-3648-4820-A4EE-F45F2C588750}.Release|Any CPU.ActiveCfg = Release|Any CPU
		{5730EE5F-3648-4820-A4EE-F45F2C588750}.Release|Any CPU.Build.0 = Release|Any CPU
		{965EFC1D-468E-420D-9888-DBCA94CA8F5E}.Debug|Any CPU.ActiveCfg = Debug|Any CPU
		{965EFC1D-468E-420D-9888-DBCA94CA8F5E}.Debug|Any CPU.Build.0 = Debug|Any CPU
		{965EFC1D-468E-420D-9888-DBCA94CA8F5E}.Release|Any CPU.ActiveCfg = Release|Any CPU
		{965EFC1D-468E-420D-9888-DBCA94CA8F5E}.Release|Any CPU.Build.0 = Release|Any CPU
		{C8A03405-1220-4212-B66A-DDF720969233}.Debug|Any CPU.ActiveCfg = Debug|Any CPU
		{C8A03405-1220-4212-B66A-DDF720969233}.Debug|Any CPU.Build.0 = Debug|Any CPU
		{C8A03405-1220-4212-B66A-DDF720969233}.Release|Any CPU.ActiveCfg = Release|Any CPU
		{C8A03405-1220-4212-B66A-DDF720969233}.Release|Any CPU.Build.0 = Release|Any CPU
	EndGlobalSection
	GlobalSection(SolutionProperties) = preSolution
		HideSolutionNode = FALSE
	EndGlobalSection
	GlobalSection(ExtensibilityGlobals) = postSolution
		SolutionGuid = {5EF41242-E655-405C-A2F1-1A5683DA6F8A}
	EndGlobalSection
EndGlobal
